Microsoft Visual Studio Solution File, Format Version 12.00
# Visual Studio Version 17
VisualStudioVersion = 17.5.2.0
MinimumVisualStudioVersion = 10.0.40219.1
Project("{2150E333-8FDC-42A3-9474-1A3956D46DE8}") = "NET", "NET", "{9BD00AEE-B457-8A53-4987-79B2CE11DF4C}"
EndProject
Project("{2150E333-8FDC-42A3-9474-1A3956D46DE8}") = "CsharpProjects", "CsharpProjects", "{4E437116-284A-FC57-C2F3-0AF8EAA0C29F}"
EndProject
Project("{FAE04EC0-301F-11D3-BF4B-00C04F79EFBC}") = "TestProject", "NET\CsharpProjects\TestProject\TestProject.csproj", "{22120EB5-6857-F243-70D9-835464ADD98A}"
EndProject
Global
	GlobalSection(SolutionConfigurationPlatforms) = preSolution
		Debug|Any CPU = Debug|Any CPU
		Release|Any CPU = Release|Any CPU
	EndGlobalSection
	GlobalSection(ProjectConfigurationPlatforms) = postSolution
		{22120EB5-6857-F243-70D9-835464ADD98A}.Debug|Any CPU.ActiveCfg = Debug|Any CPU
		{22120EB5-6857-F243-70D9-835464ADD98A}.Debug|Any CPU.Build.0 = Debug|Any CPU
		{22120EB5-6857-F243-70D9-835464ADD98A}.Release|Any CPU.ActiveCfg = Release|Any CPU
		{22120EB5-6857-F243-70D9-835464ADD98A}.Release|Any CPU.Build.0 = Release|Any CPU
	EndGlobalSection
	GlobalSection(SolutionProperties) = preSolution
		HideSolutionNode = FALSE
	EndGlobalSection
	GlobalSection(NestedProjects) = preSolution
		{4E437116-284A-FC57-C2F3-0AF8EAA0C29F} = {9BD00AEE-B457-8A53-4987-79B2CE11DF4C}
		{22120EB5-6857-F243-70D9-835464ADD98A} = {4E437116-284A-FC57-C2F3-0AF8EAA0C29F}
	EndGlobalSection
	GlobalSection(ExtensibilityGlobals) = postSolution
		SolutionGuid = {F837FFAB-971B-449D-A8A8-12FF46DDC1A9}
	EndGlobalSection
EndGlobal
